
Microsoft Visual Studio Solution File, Format Version 12.00
# Visual Studio Version 16
VisualStudioVersion = 16.0.31515.178
MinimumVisualStudioVersion = 10.0.40219.1
Project("{FAE04EC0-301F-11D3-BF4B-00C04F79EFBC}") = "Form1", "Form1.csproj", "{839B49EA-1831-487F-A8D7-91B2CEA4AFD2}"
EndProject
Global
	GlobalSection(SolutionConfigurationPlatforms) = preSolution
		Debug|Any CPU = Debug|Any CPU
		Release|Any CPU = Release|Any CPU
	EndGlobalSection
	GlobalSection(ProjectConfigurationPlatforms) = postSolution
		{839B49EA-1831-487F-A8D7-91B2CEA4AFD2}.Debug|Any CPU.ActiveCfg = Debug|Any CPU
		{839B49EA-1831-487F-A8D7-91B2CEA4AFD2}.Debug|Any CPU.Build.0 = Debug|Any CPU
		{839B49EA-1831-487F-A8D7-91B2CEA4AFD2}.Release|Any CPU.ActiveCfg = Release|Any CPU
		{839B49EA-1831-487F-A8D7-91B2CEA4AFD2}.Release|Any CPU.Build.0 = Release|Any CPU
	EndGlobalSection
	GlobalSection(SolutionProperties) = preSolution
		HideSolutionNode = FALSE
	EndGlobalSection
	GlobalSection(ExtensibilityGlobals) = postSolution
		SolutionGuid = {8BAEF7B5-9B51-4E82-BA31-72742766136B}
	EndGlobalSection
EndGlobal
